
Microsoft Visual Studio Solution File, Format Version 12.00
# Visual Studio Version 16
VisualStudioVersion = 16.0.30621.155
MinimumVisualStudioVersion = 10.0.40219.1
Project("{FAE04EC0-301F-11D3-BF4B-00C04F79EFBC}") = "Parcial1.DENTE.SistemaPresentismo.Interfaz", "Parcial1.DENTE.Presentismo.Interfaz\Parcial1.DENTE.SistemaPresentismo.Interfaz.csproj", "{F89C7BB6-5E60-4313-87D4-9AD19483D4BA}"
EndProject
Project("{FAE04EC0-301F-11D3-BF4B-00C04F79EFBC}") = "SistemaPresentismo.Biblioteca", "SistemaPresentismo.Biblioteca\SistemaPresentismo.Biblioteca.csproj", "{21567E03-0AD7-446B-A888-04E1E6C8035F}"
EndProject
Project("{FAE04EC0-301F-11D3-BF4B-00C04F79EFBC}") = "ConsolaGenerico", "ConsolaGenerico\ConsolaGenerico.csproj", "{096B637E-D203-4C83-B103-2D806B6C3DD4}"
EndProject
Global
	GlobalSection(SolutionConfigurationPlatforms) = preSolution
		Debug|Any CPU = Debug|Any CPU
		Release|Any CPU = Release|Any CPU
	EndGlobalSection
	GlobalSection(ProjectConfigurationPlatforms) = postSolution
		{F89C7BB6-5E60-4313-87D4-9AD19483D4BA}.Debug|Any CPU.ActiveCfg = Debug|Any CPU
		{F89C7BB6-5E60-4313-87D4-9AD19483D4BA}.Debug|Any CPU.Build.0 = Debug|Any CPU
		{F89C7BB6-5E60-4313-87D4-9AD19483D4BA}.Release|Any CPU.ActiveCfg = Release|Any CPU
		{F89C7BB6-5E60-4313-87D4-9AD19483D4BA}.Release|Any CPU.Build.0 = Release|Any CPU
		{21567E03-0AD7-446B-A888-04E1E6C8035F}.Debug|Any CPU.ActiveCfg = Debug|Any CPU
		{21567E03-0AD7-446B-A888-04E1E6C8035F}.Debug|Any CPU.Build.0 = Debug|Any CPU
		{21567E03-0AD7-446B-A888-04E1E6C8035F}.Release|Any CPU.ActiveCfg = Release|Any CPU
		{21567E03-0AD7-446B-A888-04E1E6C8035F}.Release|Any CPU.Build.0 = Release|Any CPU
		{096B637E-D203-4C83-B103-2D806B6C3DD4}.Debug|Any CPU.ActiveCfg = Debug|Any CPU
		{096B637E-D203-4C83-B103-2D806B6C3DD4}.Debug|Any CPU.Build.0 = Debug|Any CPU
		{096B637E-D203-4C83-B103-2D806B6C3DD4}.Release|Any CPU.ActiveCfg = Release|Any CPU
		{096B637E-D203-4C83-B103-2D806B6C3DD4}.Release|Any CPU.Build.0 = Release|Any CPU
	EndGlobalSection
	GlobalSection(SolutionProperties) = preSolution
		HideSolutionNode = FALSE
	EndGlobalSection
	GlobalSection(ExtensibilityGlobals) = postSolution
		SolutionGuid = {3121F71E-2FAD-4585-AFCC-3E6DA5351D3B}
	EndGlobalSection
EndGlobal
